
Microsoft Visual Studio Solution File, Format Version 12.00
# Visual Studio Version 16
VisualStudioVersion = 16.0.29215.179
MinimumVisualStudioVersion = 10.0.40219.1
Project("{2150E333-8FDC-42A3-9474-1A3956D46DE8}") = "1. Input", "1. Input", "{36423596-FC13-4A67-A514-4886D78DA114}"
EndProject
Project("{2150E333-8FDC-42A3-9474-1A3956D46DE8}") = "2. Process", "2. Process", "{82D0738F-FC41-4AFE-A7BB-D3E30D899876}"
EndProject
Project("{2150E333-8FDC-42A3-9474-1A3956D46DE8}") = "3. Output", "3. Output", "{F06DF7FB-7F6A-42ED-8301-7BE896FEA1DF}"
EndProject
Project("{2150E333-8FDC-42A3-9474-1A3956D46DE8}") = "Solution Items", "Solution Items", "{FD12A9EC-BA13-455D-B5EB-01F3D3686B23}"
	ProjectSection(SolutionItems) = preProject
		README.md = README.md
	EndProjectSection
EndProject
Project("{FAE04EC0-301F-11D3-BF4B-00C04F79EFBC}") = "Weather.Sensor", "Input\Sensor\Weather.Sensor.csproj", "{3C8B6176-04A6-401E-AA2A-56001F14B733}"
EndProject
Project("{FAE04EC0-301F-11D3-BF4B-00C04F79EFBC}") = "Weather.Controller", "Process\Controller\Weather.Controller.csproj", "{57ADC03B-C34D-42E5-B0DA-4D8B7775CAD9}"
EndProject
Project("{FAE04EC0-301F-11D3-BF4B-00C04F79EFBC}") = "Weather.Model", "Process\Model\Weather.Model.csproj", "{B24B8309-BC33-4C60-9CA6-DFAA7D96721C}"
EndProject
Project("{FAE04EC0-301F-11D3-BF4B-00C04F79EFBC}") = "Weather.View", "Process\View\Weather.View.csproj", "{BA4CED93-A27E-49B4-B6FE-7F153165F7FB}"
EndProject
Project("{FAE04EC0-301F-11D3-BF4B-00C04F79EFBC}") = "Weather.ConsoleOutput", "Output\ConsoleOutput\Weather.ConsoleOutput.csproj", "{5107A7B5-9894-40C8-88EE-189D307242B3}"
EndProject
Project("{FAE04EC0-301F-11D3-BF4B-00C04F79EFBC}") = "Weather.WinFormsOutput", "Output\WinFormsOutput\Weather.WinFormsOutput.csproj", "{FC09EC34-D029-48E5-9D77-95F4C5707011}"
EndProject
Project("{FAE04EC0-301F-11D3-BF4B-00C04F79EFBC}") = "Weather.WpfOutput", "Output\WpfOutput\Weather.WpfOutput.csproj", "{5BCB8B7E-8D22-46E9-9079-70B1DED29D31}"
EndProject
Project("{2150E333-8FDC-42A3-9474-1A3956D46DE8}") = "Program", "Program", "{1B436104-D601-45C4-9A0C-130D3EB011B6}"
EndProject
Project("{9A19103F-16F7-4668-BE54-9A1E7A4F7556}") = "Program.ConsoleApp", "Program\ConsoleApp\Program.ConsoleApp.csproj", "{431C35DF-060A-4B35-8CF1-1D6B8C4A3083}"
EndProject
Project("{FAE04EC0-301F-11D3-BF4B-00C04F79EFBC}") = "Program.WindowsFormsApp", "Program\WindowsFormsApp\Program.WindowsFormsApp.csproj", "{9A26CE01-1ABA-4065-B421-187466304663}"
EndProject
Project("{FAE04EC0-301F-11D3-BF4B-00C04F79EFBC}") = "Program.WpfApp", "Program\WpfApp\Program.WpfApp.csproj", "{01B5E429-BBAA-464B-B4EF-EAAE2AAE2F98}"
EndProject
Project("{FAE04EC0-301F-11D3-BF4B-00C04F79EFBC}") = "Weather.DataAccess", "Input\DataAccess\Weather.DataAccess.csproj", "{A2DAF725-2B15-4F6A-8788-58B8E0DAAA37}"
EndProject
Global
	GlobalSection(SolutionConfigurationPlatforms) = preSolution
		Debug|Any CPU = Debug|Any CPU
		Release|Any CPU = Release|Any CPU
	EndGlobalSection
	GlobalSection(ProjectConfigurationPlatforms) = postSolution
		{3C8B6176-04A6-401E-AA2A-56001F14B733}.Debug|Any CPU.ActiveCfg = Debug|Any CPU
		{3C8B6176-04A6-401E-AA2A-56001F14B733}.Debug|Any CPU.Build.0 = Debug|Any CPU
		{3C8B6176-04A6-401E-AA2A-56001F14B733}.Release|Any CPU.ActiveCfg = Release|Any CPU
		{3C8B6176-04A6-401E-AA2A-56001F14B733}.Release|Any CPU.Build.0 = Release|Any CPU
		{57ADC03B-C34D-42E5-B0DA-4D8B7775CAD9}.Debug|Any CPU.ActiveCfg = Debug|Any CPU
		{57ADC03B-C34D-42E5-B0DA-4D8B7775CAD9}.Debug|Any CPU.Build.0 = Debug|Any CPU
		{57ADC03B-C34D-42E5-B0DA-4D8B7775CAD9}.Release|Any CPU.ActiveCfg = Release|Any CPU
		{57ADC03B-C34D-42E5-B0DA-4D8B7775CAD9}.Release|Any CPU.Build.0 = Release|Any CPU
		{B24B8309-BC33-4C60-9CA6-DFAA7D96721C}.Debug|Any CPU.ActiveCfg = Debug|Any CPU
		{B24B8309-BC33-4C60-9CA6-DFAA7D96721C}.Debug|Any CPU.Build.0 = Debug|Any CPU
		{B24B8309-BC33-4C60-9CA6-DFAA7D96721C}.Release|Any CPU.ActiveCfg = Release|Any CPU
		{B24B8309-BC33-4C60-9CA6-DFAA7D96721C}.Release|Any CPU.Build.0 = Release|Any CPU
		{BA4CED93-A27E-49B4-B6FE-7F153165F7FB}.Debug|Any CPU.ActiveCfg = Debug|Any CPU
		{BA4CED93-A27E-49B4-B6FE-7F153165F7FB}.Debug|Any CPU.Build.0 = Debug|Any CPU
		{BA4CED93-A27E-49B4-B6FE-7F153165F7FB}.Release|Any CPU.ActiveCfg = Release|Any CPU
		{BA4CED93-A27E-49B4-B6FE-7F153165F7FB}.Release|Any CPU.Build.0 = Release|Any CPU
		{5107A7B5-9894-40C8-88EE-189D307242B3}.Debug|Any CPU.ActiveCfg = Debug|Any CPU
		{5107A7B5-9894-40C8-88EE-189D307242B3}.Debug|Any CPU.Build.0 = Debug|Any CPU
		{5107A7B5-9894-40C8-88EE-189D307242B3}.Release|Any CPU.ActiveCfg = Release|Any CPU
		{5107A7B5-9894-40C8-88EE-189D307242B3}.Release|Any CPU.Build.0 = Release|Any CPU
		{FC09EC34-D029-48E5-9D77-95F4C5707011}.Debug|Any CPU.ActiveCfg = Debug|Any CPU
		{FC09EC34-D029-48E5-9D77-95F4C5707011}.Debug|Any CPU.Build.0 = Debug|Any CPU
		{FC09EC34-D029-48E5-9D77-95F4C5707011}.Release|Any CPU.ActiveCfg = Release|Any CPU
		{FC09EC34-D029-48E5-9D77-95F4C5707011}.Release|Any CPU.Build.0 = Release|Any CPU
		{5BCB8B7E-8D22-46E9-9079-70B1DED29D31}.Debug|Any CPU.ActiveCfg = Debug|Any CPU
		{5BCB8B7E-8D22-46E9-9079-70B1DED29D31}.Debug|Any CPU.Build.0 = Debug|Any CPU
		{5BCB8B7E-8D22-46E9-9079-70B1DED29D31}.Release|Any CPU.ActiveCfg = Release|Any CPU
		{5BCB8B7E-8D22-46E9-9079-70B1DED29D31}.Release|Any CPU.Build.0 = Release|Any CPU
		{431C35DF-060A-4B35-8CF1-1D6B8C4A3083}.Debug|Any CPU.ActiveCfg = Debug|Any CPU
		{431C35DF-060A-4B35-8CF1-1D6B8C4A3083}.Debug|Any CPU.Build.0 = Debug|Any CPU
		{431C35DF-060A-4B35-8CF1-1D6B8C4A3083}.Release|Any CPU.ActiveCfg = Release|Any CPU
		{431C35DF-060A-4B35-8CF1-1D6B8C4A3083}.Release|Any CPU.Build.0 = Release|Any CPU
		{9A26CE01-1ABA-4065-B421-187466304663}.Debug|Any CPU.ActiveCfg = Debug|Any CPU
		{9A26CE01-1ABA-4065-B421-187466304663}.Debug|Any CPU.Build.0 = Debug|Any CPU
		{9A26CE01-1ABA-4065-B421-187466304663}.Release|Any CPU.ActiveCfg = Release|Any CPU
		{9A26CE01-1ABA-4065-B421-187466304663}.Release|Any CPU.Build.0 = Release|Any CPU
		{01B5E429-BBAA-464B-B4EF-EAAE2AAE2F98}.Debug|Any CPU.ActiveCfg = Debug|Any CPU
		{01B5E429-BBAA-464B-B4EF-EAAE2AAE2F98}.Debug|Any CPU.Build.0 = Debug|Any CPU
		{01B5E429-BBAA-464B-B4EF-EAAE2AAE2F98}.Release|Any CPU.ActiveCfg = Release|Any CPU
		{01B5E429-BBAA-464B-B4EF-EAAE2AAE2F98}.Release|Any CPU.Build.0 = Release|Any CPU
		{A2DAF725-2B15-4F6A-8788-58B8E0DAAA37}.Debug|Any CPU.ActiveCfg = Debug|Any CPU
		{A2DAF725-2B15-4F6A-8788-58B8E0DAAA37}.Debug|Any CPU.Build.0 = Debug|Any CPU
		{A2DAF725-2B15-4F6A-8788-58B8E0DAAA37}.Release|Any CPU.ActiveCfg = Release|Any CPU
		{A2DAF725-2B15-4F6A-8788-58B8E0DAAA37}.Release|Any CPU.Build.0 = Release|Any CPU
	EndGlobalSection
	GlobalSection(SolutionProperties) = preSolution
		HideSolutionNode = FALSE
	EndGlobalSection
	GlobalSection(NestedProjects) = preSolution
		{3C8B6176-04A6-401E-AA2A-56001F14B733} = {36423596-FC13-4A67-A514-4886D78DA114}
		{57ADC03B-C34D-42E5-B0DA-4D8B7775CAD9} = {82D0738F-FC41-4AFE-A7BB-D3E30D899876}
		{B24B8309-BC33-4C60-9CA6-DFAA7D96721C} = {82D0738F-FC41-4AFE-A7BB-D3E30D899876}
		{BA4CED93-A27E-49B4-B6FE-7F153165F7FB} = {82D0738F-FC41-4AFE-A7BB-D3E30D899876}
		{5107A7B5-9894-40C8-88EE-189D307242B3} = {F06DF7FB-7F6A-42ED-8301-7BE896FEA1DF}
		{FC09EC34-D029-48E5-9D77-95F4C5707011} = {F06DF7FB-7F6A-42ED-8301-7BE896FEA1DF}
		{5BCB8B7E-8D22-46E9-9079-70B1DED29D31} = {F06DF7FB-7F6A-42ED-8301-7BE896FEA1DF}
		{431C35DF-060A-4B35-8CF1-1D6B8C4A3083} = {1B436104-D601-45C4-9A0C-130D3EB011B6}
		{9A26CE01-1ABA-4065-B421-187466304663} = {1B436104-D601-45C4-9A0C-130D3EB011B6}
		{01B5E429-BBAA-464B-B4EF-EAAE2AAE2F98} = {1B436104-D601-45C4-9A0C-130D3EB011B6}
		{A2DAF725-2B15-4F6A-8788-58B8E0DAAA37} = {36423596-FC13-4A67-A514-4886D78DA114}
	EndGlobalSection
	GlobalSection(ExtensibilityGlobals) = postSolution
		SolutionGuid = {B8B68747-6D85-4A9E-B36E-BAF2F8C96B93}
	EndGlobalSection
EndGlobal
